
Microsoft Visual Studio Solution File, Format Version 12.00
# Visual Studio Version 17
VisualStudioVersion = 17.2.32616.157
MinimumVisualStudioVersion = 10.0.40219.1
Project("{FAE04EC0-301F-11D3-BF4B-00C04F79EFBC}") = "EFCoreTestApp.API", "EFCoreTestApp.API\EFCoreTestApp.API.csproj", "{1C5B2C7D-B9DE-436D-B62C-8DA4381E6AB8}"
EndProject
Project("{FAE04EC0-301F-11D3-BF4B-00C04F79EFBC}") = "DAL", "DAL\DAL.csproj", "{3D167F7E-457A-4C3A-8651-F4A24E28FB40}"
EndProject
Global
	GlobalSection(SolutionConfigurationPlatforms) = preSolution
		Debug|Any CPU = Debug|Any CPU
		Release|Any CPU = Release|Any CPU
	EndGlobalSection
	GlobalSection(ProjectConfigurationPlatforms) = postSolution
		{1C5B2C7D-B9DE-436D-B62C-8DA4381E6AB8}.Debug|Any CPU.ActiveCfg = Debug|Any CPU
		{1C5B2C7D-B9DE-436D-B62C-8DA4381E6AB8}.Debug|Any CPU.Build.0 = Debug|Any CPU
		{1C5B2C7D-B9DE-436D-B62C-8DA4381E6AB8}.Release|Any CPU.ActiveCfg = Release|Any CPU
		{1C5B2C7D-B9DE-436D-B62C-8DA4381E6AB8}.Release|Any CPU.Build.0 = Release|Any CPU
		{3D167F7E-457A-4C3A-8651-F4A24E28FB40}.Debug|Any CPU.ActiveCfg = Debug|Any CPU
		{3D167F7E-457A-4C3A-8651-F4A24E28FB40}.Debug|Any CPU.Build.0 = Debug|Any CPU
		{3D167F7E-457A-4C3A-8651-F4A24E28FB40}.Release|Any CPU.ActiveCfg = Release|Any CPU
		{3D167F7E-457A-4C3A-8651-F4A24E28FB40}.Release|Any CPU.Build.0 = Release|Any CPU
	EndGlobalSection
	GlobalSection(SolutionProperties) = preSolution
		HideSolutionNode = FALSE
	EndGlobalSection
	GlobalSection(ExtensibilityGlobals) = postSolution
		SolutionGuid = {31F51977-171B-4635-BCB6-4A4E127CBF1A}
	EndGlobalSection
EndGlobal
